// !$*UTF8*$!
{
	archiveVersion = 1;
	classes = {
	};
	objectVersion = 55;
	objects = {

/* Begin PBXBuildFile section */
		3103CF172C70F3160065D834 /* Country.swift in Sources */ = {isa = PBXBuildFile; fileRef = 3103CF152C70F3160065D834 /* Country.swift */; };
		3103CF182C70F3160065D834 /* Results.swift in Sources */ = {isa = PBXBuildFile; fileRef = 3103CF162C70F3160065D834 /* Results.swift */; };
		3112FBD02C71296F0005D938 /* League.swift in Sources */ = {isa = PBXBuildFile; fileRef = 3112FBCF2C71296F0005D938 /* League.swift */; };
		311D75C22C70EA970044ADCE /* alert.swift in Sources */ = {isa = PBXBuildFile; fileRef = 311D75C12C70EA970044ADCE /* alert.swift */; };
		311D75C42C70EBF80044ADCE /* EventModel.swift in Sources */ = {isa = PBXBuildFile; fileRef = 311D75C32C70EBF80044ADCE /* EventModel.swift */; };
		311D75C62C70EC230044ADCE /* TeamModel.swift in Sources */ = {isa = PBXBuildFile; fileRef = 311D75C52C70EC230044ADCE /* TeamModel.swift */; };
		316A03D72C6C11E300ED4141 /* Sport.swift in Sources */ = {isa = PBXBuildFile; fileRef = 316A03D62C6C11E300ED4141 /* Sport.swift */; };
		316A03DA2C6C13D700ED4141 /* MyCollectionViewCell.swift in Sources */ = {isa = PBXBuildFile; fileRef = 316A03D82C6C13D700ED4141 /* MyCollectionViewCell.swift */; };
		316A03DB2C6C13D700ED4141 /* MyCollectionViewCell.xib in Resources */ = {isa = PBXBuildFile; fileRef = 316A03D92C6C13D700ED4141 /* MyCollectionViewCell.xib */; };
		317880C82C6E744600B95128 /* TeamCollecionCell.swift in Sources */ = {isa = PBXBuildFile; fileRef = 317880C62C6E744600B95128 /* TeamCollecionCell.swift */; };
		317880C92C6E744600B95128 /* TeamCollecionCell.xib in Resources */ = {isa = PBXBuildFile; fileRef = 317880C72C6E744600B95128 /* TeamCollecionCell.xib */; };
		319D2DDF2C6D573100DF8B42 /* LeaguesViewController.swift in Sources */ = {isa = PBXBuildFile; fileRef = 319D2DDE2C6D573100DF8B42 /* LeaguesViewController.swift */; };
		319D2DE12C6D577E00DF8B42 /* LeaguesViewModel.swift in Sources */ = {isa = PBXBuildFile; fileRef = 319D2DE02C6D577E00DF8B42 /* LeaguesViewModel.swift */; };
		319D2DE42C6D5CAF00DF8B42 /* LeagueTableViewCell.swift in Sources */ = {isa = PBXBuildFile; fileRef = 319D2DE32C6D5CAF00DF8B42 /* LeagueTableViewCell.swift */; };
		31BB05112C713E2800BBDDBC /* LeagueDetailsViewController.swift in Sources */ = {isa = PBXBuildFile; fileRef = 31BB05102C713E2800BBDDBC /* LeagueDetailsViewController.swift */; };
		31BB05142C713FA400BBDDBC /* EventsCollectionViewCell.swift in Sources */ = {isa = PBXBuildFile; fileRef = 31BB05122C713FA400BBDDBC /* EventsCollectionViewCell.swift */; };
		31BB05152C713FA400BBDDBC /* EventsCollectionViewCell.xib in Resources */ = {isa = PBXBuildFile; fileRef = 31BB05132C713FA400BBDDBC /* EventsCollectionViewCell.xib */; };
		31BB05172C714EF700BBDDBC /* MyTabBarController.swift in Sources */ = {isa = PBXBuildFile; fileRef = 31BB05162C714EF700BBDDBC /* MyTabBarController.swift */; };
		31BB051A2C7160B200BBDDBC /* TeamsCollectionViewCell.swift in Sources */ = {isa = PBXBuildFile; fileRef = 31BB05182C7160B200BBDDBC /* TeamsCollectionViewCell.swift */; };
		31BB051B2C7160B200BBDDBC /* TeamsCollectionViewCell.xib in Resources */ = {isa = PBXBuildFile; fileRef = 31BB05192C7160B200BBDDBC /* TeamsCollectionViewCell.xib */; };
		31D112AD2C6AB80A0004BA1D /* AppDelegate.swift in Sources */ = {isa = PBXBuildFile; fileRef = 31D112AC2C6AB80A0004BA1D /* AppDelegate.swift */; };
		31D112AF2C6AB80A0004BA1D /* SceneDelegate.swift in Sources */ = {isa = PBXBuildFile; fileRef = 31D112AE2C6AB80A0004BA1D /* SceneDelegate.swift */; };
		31D112B42C6AB80A0004BA1D /* Main.storyboard in Resources */ = {isa = PBXBuildFile; fileRef = 31D112B22C6AB80A0004BA1D /* Main.storyboard */; };
		31D112B72C6AB80A0004BA1D /* SportsApp.xcdatamodeld in Sources */ = {isa = PBXBuildFile; fileRef = 31D112B52C6AB80A0004BA1D /* SportsApp.xcdatamodeld */; };
		31D112B92C6AB80D0004BA1D /* Assets.xcassets in Resources */ = {isa = PBXBuildFile; fileRef = 31D112B82C6AB80D0004BA1D /* Assets.xcassets */; };
		31D112BC2C6AB80D0004BA1D /* LaunchScreen.storyboard in Resources */ = {isa = PBXBuildFile; fileRef = 31D112BA2C6AB80D0004BA1D /* LaunchScreen.storyboard */; };
		31D112CB2C6ABBCC0004BA1D /* SportsViewController.swift in Sources */ = {isa = PBXBuildFile; fileRef = 31D112CA2C6ABBCC0004BA1D /* SportsViewController.swift */; };
		31D112CD2C6ABC490004BA1D /* SportsViewModel.swift in Sources */ = {isa = PBXBuildFile; fileRef = 31D112CC2C6ABC490004BA1D /* SportsViewModel.swift */; };
		31D112D42C6ABEB20004BA1D /* LeagueDetailsViewModel.swift in Sources */ = {isa = PBXBuildFile; fileRef = 31D112D32C6ABEB20004BA1D /* LeagueDetailsViewModel.swift */; };
		31D112D62C6AC0CE0004BA1D /* NetworkManager.swift in Sources */ = {isa = PBXBuildFile; fileRef = 31D112D52C6AC0CE0004BA1D /* NetworkManager.swift */; };
		31D112E12C6AC9590004BA1D /* TeamsViewModel.swift in Sources */ = {isa = PBXBuildFile; fileRef = 31D112E02C6AC9590004BA1D /* TeamsViewModel.swift */; };
		31D112E32C6AC9BB0004BA1D /* TeamsViewController.swift in Sources */ = {isa = PBXBuildFile; fileRef = 31D112E22C6AC9BB0004BA1D /* TeamsViewController.swift */; };
		31EB10DC2C6D5370007D0B32 /* FootballLeagues.swift in Sources */ = {isa = PBXBuildFile; fileRef = 31EB10DB2C6D5370007D0B32 /* FootballLeagues.swift */; };
		31EB10DF2C6D54DB007D0B32 /* Conflig.swift in Sources */ = {isa = PBXBuildFile; fileRef = 31EB10DE2C6D54DB007D0B32 /* Conflig.swift */; };
		31FD3DA92C6D63260084B83F /* Alamofire in Frameworks */ = {isa = PBXBuildFile; productRef = 31FD3DA82C6D63260084B83F /* Alamofire */; };
		519C33180B50D69804026203 /* Pods_SportsApp.framework in Frameworks */ = {isa = PBXBuildFile; fileRef = B4BD7FDACE71460815600F8C /* Pods_SportsApp.framework */; };
/* End PBXBuildFile section */

/* Begin PBXFileReference section */
		3103CF152C70F3160065D834 /* Country.swift */ = {isa = PBXFileReference; fileEncoding = 4; lastKnownFileType = sourcecode.swift; path = Country.swift; sourceTree = "<group>"; };
		3103CF162C70F3160065D834 /* Results.swift */ = {isa = PBXFileReference; fileEncoding = 4; lastKnownFileType = sourcecode.swift; path = Results.swift; sourceTree = "<group>"; };
		3112FBCF2C71296F0005D938 /* League.swift */ = {isa = PBXFileReference; lastKnownFileType = sourcecode.swift; path = League.swift; sourceTree = "<group>"; };
		311D75C12C70EA970044ADCE /* alert.swift */ = {isa = PBXFileReference; lastKnownFileType = sourcecode.swift; path = alert.swift; sourceTree = "<group>"; };
		311D75C32C70EBF80044ADCE /* EventModel.swift */ = {isa = PBXFileReference; lastKnownFileType = sourcecode.swift; path = EventModel.swift; sourceTree = "<group>"; };
		311D75C52C70EC230044ADCE /* TeamModel.swift */ = {isa = PBXFileReference; lastKnownFileType = sourcecode.swift; path = TeamModel.swift; sourceTree = "<group>"; };
		316A03D62C6C11E300ED4141 /* Sport.swift */ = {isa = PBXFileReference; lastKnownFileType = sourcecode.swift; path = Sport.swift; sourceTree = "<group>"; };
		316A03D82C6C13D700ED4141 /* MyCollectionViewCell.swift */ = {isa = PBXFileReference; lastKnownFileType = sourcecode.swift; path = MyCollectionViewCell.swift; sourceTree = "<group>"; };
		316A03D92C6C13D700ED4141 /* MyCollectionViewCell.xib */ = {isa = PBXFileReference; lastKnownFileType = file.xib; path = MyCollectionViewCell.xib; sourceTree = "<group>"; };
		317880C62C6E744600B95128 /* TeamCollecionCell.swift */ = {isa = PBXFileReference; lastKnownFileType = sourcecode.swift; path = TeamCollecionCell.swift; sourceTree = "<group>"; };
		317880C72C6E744600B95128 /* TeamCollecionCell.xib */ = {isa = PBXFileReference; lastKnownFileType = file.xib; path = TeamCollecionCell.xib; sourceTree = "<group>"; };
		319D2DDE2C6D573100DF8B42 /* LeaguesViewController.swift */ = {isa = PBXFileReference; lastKnownFileType = sourcecode.swift; path = LeaguesViewController.swift; sourceTree = "<group>"; };
		319D2DE02C6D577E00DF8B42 /* LeaguesViewModel.swift */ = {isa = PBXFileReference; lastKnownFileType = sourcecode.swift; path = LeaguesViewModel.swift; sourceTree = "<group>"; };
		319D2DE32C6D5CAF00DF8B42 /* LeagueTableViewCell.swift */ = {isa = PBXFileReference; lastKnownFileType = sourcecode.swift; path = LeagueTableViewCell.swift; sourceTree = "<group>"; };
		31BB05102C713E2800BBDDBC /* LeagueDetailsViewController.swift */ = {isa = PBXFileReference; lastKnownFileType = sourcecode.swift; path = LeagueDetailsViewController.swift; sourceTree = "<group>"; };
		31BB05122C713FA400BBDDBC /* EventsCollectionViewCell.swift */ = {isa = PBXFileReference; lastKnownFileType = sourcecode.swift; path = EventsCollectionViewCell.swift; sourceTree = "<group>"; };
		31BB05132C713FA400BBDDBC /* EventsCollectionViewCell.xib */ = {isa = PBXFileReference; lastKnownFileType = file.xib; path = EventsCollectionViewCell.xib; sourceTree = "<group>"; };
		31BB05162C714EF700BBDDBC /* MyTabBarController.swift */ = {isa = PBXFileReference; lastKnownFileType = sourcecode.swift; path = MyTabBarController.swift; sourceTree = "<group>"; };
		31BB05182C7160B200BBDDBC /* TeamsCollectionViewCell.swift */ = {isa = PBXFileReference; lastKnownFileType = sourcecode.swift; path = TeamsCollectionViewCell.swift; sourceTree = "<group>"; };
		31BB05192C7160B200BBDDBC /* TeamsCollectionViewCell.xib */ = {isa = PBXFileReference; lastKnownFileType = file.xib; path = TeamsCollectionViewCell.xib; sourceTree = "<group>"; };
		31D112A92C6AB80A0004BA1D /* SportsApp.app */ = {isa = PBXFileReference; explicitFileType = wrapper.application; includeInIndex = 0; path = SportsApp.app; sourceTree = BUILT_PRODUCTS_DIR; };
		31D112AC2C6AB80A0004BA1D /* AppDelegate.swift */ = {isa = PBXFileReference; lastKnownFileType = sourcecode.swift; path = AppDelegate.swift; sourceTree = "<group>"; };
		31D112AE2C6AB80A0004BA1D /* SceneDelegate.swift */ = {isa = PBXFileReference; lastKnownFileType = sourcecode.swift; path = SceneDelegate.swift; sourceTree = "<group>"; };
		31D112B32C6AB80A0004BA1D /* Base */ = {isa = PBXFileReference; lastKnownFileType = file.storyboard; name = Base; path = Base.lproj/Main.storyboard; sourceTree = "<group>"; };
		31D112B62C6AB80A0004BA1D /* SportsApp.xcdatamodel */ = {isa = PBXFileReference; lastKnownFileType = wrapper.xcdatamodel; path = SportsApp.xcdatamodel; sourceTree = "<group>"; };
		31D112B82C6AB80D0004BA1D /* Assets.xcassets */ = {isa = PBXFileReference; lastKnownFileType = folder.assetcatalog; path = Assets.xcassets; sourceTree = "<group>"; };
		31D112BB2C6AB80D0004BA1D /* Base */ = {isa = PBXFileReference; lastKnownFileType = file.storyboard; name = Base; path = Base.lproj/LaunchScreen.storyboard; sourceTree = "<group>"; };
		31D112BD2C6AB80D0004BA1D /* Info.plist */ = {isa = PBXFileReference; lastKnownFileType = text.plist.xml; path = Info.plist; sourceTree = "<group>"; };
		31D112CA2C6ABBCC0004BA1D /* SportsViewController.swift */ = {isa = PBXFileReference; lastKnownFileType = sourcecode.swift; path = SportsViewController.swift; sourceTree = "<group>"; };
		31D112CC2C6ABC490004BA1D /* SportsViewModel.swift */ = {isa = PBXFileReference; lastKnownFileType = sourcecode.swift; path = SportsViewModel.swift; sourceTree = "<group>"; };
		31D112D32C6ABEB20004BA1D /* LeagueDetailsViewModel.swift */ = {isa = PBXFileReference; lastKnownFileType = sourcecode.swift; path = LeagueDetailsViewModel.swift; sourceTree = "<group>"; };
		31D112D52C6AC0CE0004BA1D /* NetworkManager.swift */ = {isa = PBXFileReference; lastKnownFileType = sourcecode.swift; path = NetworkManager.swift; sourceTree = "<group>"; };
		31D112E02C6AC9590004BA1D /* TeamsViewModel.swift */ = {isa = PBXFileReference; lastKnownFileType = sourcecode.swift; path = TeamsViewModel.swift; sourceTree = "<group>"; };
		31D112E22C6AC9BB0004BA1D /* TeamsViewController.swift */ = {isa = PBXFileReference; lastKnownFileType = sourcecode.swift; path = TeamsViewController.swift; sourceTree = "<group>"; };
		31EB10DB2C6D5370007D0B32 /* FootballLeagues.swift */ = {isa = PBXFileReference; lastKnownFileType = sourcecode.swift; path = FootballLeagues.swift; sourceTree = "<group>"; };
		31EB10DE2C6D54DB007D0B32 /* Conflig.swift */ = {isa = PBXFileReference; lastKnownFileType = sourcecode.swift; path = Conflig.swift; sourceTree = "<group>"; };
		4517E2DD9A421B27A320BA53 /* Pods-SportsApp.debug.xcconfig */ = {isa = PBXFileReference; includeInIndex = 1; lastKnownFileType = text.xcconfig; name = "Pods-SportsApp.debug.xcconfig"; path = "Target Support Files/Pods-SportsApp/Pods-SportsApp.debug.xcconfig"; sourceTree = "<group>"; };
		747755AADE8E12C214EDAC37 /* Pods-SportsApp.release.xcconfig */ = {isa = PBXFileReference; includeInIndex = 1; lastKnownFileType = text.xcconfig; name = "Pods-SportsApp.release.xcconfig"; path = "Target Support Files/Pods-SportsApp/Pods-SportsApp.release.xcconfig"; sourceTree = "<group>"; };
		B4BD7FDACE71460815600F8C /* Pods_SportsApp.framework */ = {isa = PBXFileReference; explicitFileType = wrapper.framework; includeInIndex = 0; path = Pods_SportsApp.framework; sourceTree = BUILT_PRODUCTS_DIR; };
/* End PBXFileReference section */

/* Begin PBXFrameworksBuildPhase section */
		31D112A62C6AB80A0004BA1D /* Frameworks */ = {
			isa = PBXFrameworksBuildPhase;
			buildActionMask = 2147483647;
			files = (
				519C33180B50D69804026203 /* Pods_SportsApp.framework in Frameworks */,
				31FD3DA92C6D63260084B83F /* Alamofire in Frameworks */,
			);
			runOnlyForDeploymentPostprocessing = 0;
		};
/* End PBXFrameworksBuildPhase section */

/* Begin PBXGroup section */
		2131E55D778B6CB461E56BCB /* Pods */ = {
			isa = PBXGroup;
			children = (
				4517E2DD9A421B27A320BA53 /* Pods-SportsApp.debug.xcconfig */,
				747755AADE8E12C214EDAC37 /* Pods-SportsApp.release.xcconfig */,
			);
			path = Pods;
			sourceTree = "<group>";
		};
		311D75C02C70EA8C0044ADCE /* alert */ = {
			isa = PBXGroup;
			children = (
				311D75C12C70EA970044ADCE /* alert.swift */,
			);
			path = alert;
			sourceTree = "<group>";
		};
		317880C52C6E740600B95128 /* CollectionNibFile */ = {
			isa = PBXGroup;
			children = (
				317880C62C6E744600B95128 /* TeamCollecionCell.swift */,
				317880C72C6E744600B95128 /* TeamCollecionCell.xib */,
			);
			path = CollectionNibFile;
			sourceTree = "<group>";
		};
		319D2DE22C6D5C8000DF8B42 /* LeagusCell */ = {
			isa = PBXGroup;
			children = (
				319D2DE32C6D5CAF00DF8B42 /* LeagueTableViewCell.swift */,
			);
			path = LeagusCell;
			sourceTree = "<group>";
		};
		31BB050E2C713D8900BBDDBC /* View Model */ = {
			isa = PBXGroup;
			children = (
				319D2DE02C6D577E00DF8B42 /* LeaguesViewModel.swift */,
			);
			path = "View Model";
			sourceTree = "<group>";
		};
		31BB050F2C713D9400BBDDBC /* View */ = {
			isa = PBXGroup;
			children = (
				319D2DE22C6D5C8000DF8B42 /* LeagusCell */,
				319D2DDE2C6D573100DF8B42 /* LeaguesViewController.swift */,
			);
			path = View;
			sourceTree = "<group>";
		};
		31D112A02C6AB80A0004BA1D = {
			isa = PBXGroup;
			children = (
				31D112AB2C6AB80A0004BA1D /* SportsApp */,
				31D112AA2C6AB80A0004BA1D /* Products */,
				BE046F115DB063CEEDB7DAD0 /* Frameworks */,
				2131E55D778B6CB461E56BCB /* Pods */,
			);
			sourceTree = "<group>";
		};
		31D112AA2C6AB80A0004BA1D /* Products */ = {
			isa = PBXGroup;
			children = (
				31D112A92C6AB80A0004BA1D /* SportsApp.app */,
			);
			name = Products;
			sourceTree = "<group>";
		};
		31D112AB2C6AB80A0004BA1D /* SportsApp */ = {
			isa = PBXGroup;
			children = (
				311D75C02C70EA8C0044ADCE /* alert */,
				31EB10DD2C6D54BD007D0B32 /* Conflig */,
				31D112C52C6ABA910004BA1D /* View */,
				31D112C62C6ABA9E0004BA1D /* Modules */,
				31D112C42C6ABA830004BA1D /* Services */,
				31D112C32C6ABA5D0004BA1D /* Model */,
				31D112AC2C6AB80A0004BA1D /* AppDelegate.swift */,
				31D112AE2C6AB80A0004BA1D /* SceneDelegate.swift */,
				31D112B82C6AB80D0004BA1D /* Assets.xcassets */,
				31D112BD2C6AB80D0004BA1D /* Info.plist */,
				31D112B52C6AB80A0004BA1D /* SportsApp.xcdatamodeld */,
			);
			path = SportsApp;
			sourceTree = "<group>";
		};
		31D112C32C6ABA5D0004BA1D /* Model */ = {
			isa = PBXGroup;
			children = (
				316A03D62C6C11E300ED4141 /* Sport.swift */,
				3112FBCF2C71296F0005D938 /* League.swift */,
				31EB10DB2C6D5370007D0B32 /* FootballLeagues.swift */,
				311D75C52C70EC230044ADCE /* TeamModel.swift */,
				311D75C32C70EBF80044ADCE /* EventModel.swift */,
				3103CF152C70F3160065D834 /* Country.swift */,
				3103CF162C70F3160065D834 /* Results.swift */,
			);
			path = Model;
			sourceTree = "<group>";
		};
		31D112C42C6ABA830004BA1D /* Services */ = {
			isa = PBXGroup;
			children = (
				31D112D52C6AC0CE0004BA1D /* NetworkManager.swift */,
			);
			path = Services;
			sourceTree = "<group>";
		};
		31D112C52C6ABA910004BA1D /* View */ = {
			isa = PBXGroup;
			children = (
				31D112B22C6AB80A0004BA1D /* Main.storyboard */,
				31BB05162C714EF700BBDDBC /* MyTabBarController.swift */,
				31D112BA2C6AB80D0004BA1D /* LaunchScreen.storyboard */,
			);
			path = View;
			sourceTree = "<group>";
		};
		31D112C62C6ABA9E0004BA1D /* Modules */ = {
			isa = PBXGroup;
			children = (
				31D112DB2C6AC8C70004BA1D /* Teams */,
				31D112D72C6AC7B30004BA1D /* FavAndAllLeagues */,
				31D112C72C6ABB000004BA1D /* Sports */,
				31D112CE2C6ABE580004BA1D /* LeagueDetails */,
			);
			path = Modules;
			sourceTree = "<group>";
		};
		31D112C72C6ABB000004BA1D /* Sports */ = {
			isa = PBXGroup;
			children = (
				31D112C92C6ABBA00004BA1D /* View */,
				31D112C82C6ABB8C0004BA1D /* ViewModel */,
			);
			path = Sports;
			sourceTree = "<group>";
		};
		31D112C82C6ABB8C0004BA1D /* ViewModel */ = {
			isa = PBXGroup;
			children = (
				31D112CC2C6ABC490004BA1D /* SportsViewModel.swift */,
			);
			path = ViewModel;
			sourceTree = "<group>";
		};
		31D112C92C6ABBA00004BA1D /* View */ = {
			isa = PBXGroup;
			children = (
				31D112CA2C6ABBCC0004BA1D /* SportsViewController.swift */,
				316A03D82C6C13D700ED4141 /* MyCollectionViewCell.swift */,
				316A03D92C6C13D700ED4141 /* MyCollectionViewCell.xib */,
			);
			path = View;
			sourceTree = "<group>";
		};
		31D112CE2C6ABE580004BA1D /* LeagueDetails */ = {
			isa = PBXGroup;
			children = (
				31D112D22C6ABE980004BA1D /* ViewModel */,
				31D112CF2C6ABE670004BA1D /* View */,
			);
			path = LeagueDetails;
			sourceTree = "<group>";
		};
		31D112CF2C6ABE670004BA1D /* View */ = {
			isa = PBXGroup;
			children = (
				31BB05102C713E2800BBDDBC /* LeagueDetailsViewController.swift */,
				31BB05122C713FA400BBDDBC /* EventsCollectionViewCell.swift */,
				31BB05132C713FA400BBDDBC /* EventsCollectionViewCell.xib */,
				31BB05182C7160B200BBDDBC /* TeamsCollectionViewCell.swift */,
				31BB05192C7160B200BBDDBC /* TeamsCollectionViewCell.xib */,
			);
			path = View;
			sourceTree = "<group>";
		};
		31D112D22C6ABE980004BA1D /* ViewModel */ = {
			isa = PBXGroup;
			children = (
				31D112D32C6ABEB20004BA1D /* LeagueDetailsViewModel.swift */,
			);
			path = ViewModel;
			sourceTree = "<group>";
		};
		31D112D72C6AC7B30004BA1D /* FavAndAllLeagues */ = {
			isa = PBXGroup;
			children = (
				31BB050F2C713D9400BBDDBC /* View */,
				31BB050E2C713D8900BBDDBC /* View Model */,
			);
			path = FavAndAllLeagues;
			sourceTree = "<group>";
		};
		31D112DB2C6AC8C70004BA1D /* Teams */ = {
			isa = PBXGroup;
			children = (
				31D112DF2C6AC9080004BA1D /* ViewModel */,
				31D112DE2C6AC8FB0004BA1D /* View */,
			);
			path = Teams;
			sourceTree = "<group>";
		};
		31D112DE2C6AC8FB0004BA1D /* View */ = {
			isa = PBXGroup;
			children = (
				317880C52C6E740600B95128 /* CollectionNibFile */,
				31D112E22C6AC9BB0004BA1D /* TeamsViewController.swift */,
			);
			path = View;
			sourceTree = "<group>";
		};
		31D112DF2C6AC9080004BA1D /* ViewModel */ = {
			isa = PBXGroup;
			children = (
				31D112E02C6AC9590004BA1D /* TeamsViewModel.swift */,
			);
			path = ViewModel;
			sourceTree = "<group>";
		};
		31EB10DD2C6D54BD007D0B32 /* Conflig */ = {
			isa = PBXGroup;
			children = (
				31EB10DE2C6D54DB007D0B32 /* Conflig.swift */,
			);
			path = Conflig;
			sourceTree = "<group>";
		};
		BE046F115DB063CEEDB7DAD0 /* Frameworks */ = {
			isa = PBXGroup;
			children = (
				B4BD7FDACE71460815600F8C /* Pods_SportsApp.framework */,
			);
			name = Frameworks;
			sourceTree = "<group>";
		};
/* End PBXGroup section */

/* Begin PBXNativeTarget section */
		31D112A82C6AB80A0004BA1D /* SportsApp */ = {
			isa = PBXNativeTarget;
			buildConfigurationList = 31D112C02C6AB80D0004BA1D /* Build configuration list for PBXNativeTarget "SportsApp" */;
			buildPhases = (
				D0C177F8EFBC9AB8BDEAE9D1 /* [CP] Check Pods Manifest.lock */,
				31D112A52C6AB80A0004BA1D /* Sources */,
				31D112A62C6AB80A0004BA1D /* Frameworks */,
				31D112A72C6AB80A0004BA1D /* Resources */,
				9BAA29FB92DEB85355F11E85 /* [CP] Embed Pods Frameworks */,
			);
			buildRules = (
			);
			dependencies = (
			);
			name = SportsApp;
			packageProductDependencies = (
				31FD3DA82C6D63260084B83F /* Alamofire */,
			);
			productName = SportsApp;
			productReference = 31D112A92C6AB80A0004BA1D /* SportsApp.app */;
			productType = "com.apple.product-type.application";
		};
/* End PBXNativeTarget section */

/* Begin PBXProject section */
		31D112A12C6AB80A0004BA1D /* Project object */ = {
			isa = PBXProject;
			attributes = {
				BuildIndependentTargetsInParallel = 1;
				LastSwiftUpdateCheck = 1330;
				LastUpgradeCheck = 1330;
				TargetAttributes = {
					31D112A82C6AB80A0004BA1D = {
						CreatedOnToolsVersion = 13.3.1;
					};
				};
			};
			buildConfigurationList = 31D112A42C6AB80A0004BA1D /* Build configuration list for PBXProject "SportsApp" */;
			compatibilityVersion = "Xcode 13.0";
			developmentRegion = en;
			hasScannedForEncodings = 0;
			knownRegions = (
				en,
				Base,
			);
			mainGroup = 31D112A02C6AB80A0004BA1D;
			packageReferences = (
				31FD3DA72C6D63260084B83F /* XCRemoteSwiftPackageReference "Alamofire" */,
			);
			productRefGroup = 31D112AA2C6AB80A0004BA1D /* Products */;
			projectDirPath = "";
			projectRoot = "";
			targets = (
				31D112A82C6AB80A0004BA1D /* SportsApp */,
			);
		};
/* End PBXProject section */

/* Begin PBXResourcesBuildPhase section */
		31D112A72C6AB80A0004BA1D /* Resources */ = {
			isa = PBXResourcesBuildPhase;
			buildActionMask = 2147483647;
			files = (
				317880C92C6E744600B95128 /* TeamCollecionCell.xib in Resources */,
				31BB05152C713FA400BBDDBC /* EventsCollectionViewCell.xib in Resources */,
				31D112BC2C6AB80D0004BA1D /* LaunchScreen.storyboard in Resources */,
				31D112B92C6AB80D0004BA1D /* Assets.xcassets in Resources */,
				316A03DB2C6C13D700ED4141 /* MyCollectionViewCell.xib in Resources */,
				31BB051B2C7160B200BBDDBC /* TeamsCollectionViewCell.xib in Resources */,
				31D112B42C6AB80A0004BA1D /* Main.storyboard in Resources */,
			);
			runOnlyForDeploymentPostprocessing = 0;
		};
/* End PBXResourcesBuildPhase section */

/* Begin PBXShellScriptBuildPhase section */
		9BAA29FB92DEB85355F11E85 /* [CP] Embed Pods Frameworks */ = {
			isa = PBXShellScriptBuildPhase;
			buildActionMask = 2147483647;
			files = (
			);
			inputFileListPaths = (
				"${PODS_ROOT}/Target Support Files/Pods-SportsApp/Pods-SportsApp-frameworks-${CONFIGURATION}-input-files.xcfilelist",
			);
			name = "[CP] Embed Pods Frameworks";
			outputFileListPaths = (
				"${PODS_ROOT}/Target Support Files/Pods-SportsApp/Pods-SportsApp-frameworks-${CONFIGURATION}-output-files.xcfilelist",
			);
			runOnlyForDeploymentPostprocessing = 0;
			shellPath = /bin/sh;
			shellScript = "\"${PODS_ROOT}/Target Support Files/Pods-SportsApp/Pods-SportsApp-frameworks.sh\"\n";
			showEnvVarsInLog = 0;
		};
		D0C177F8EFBC9AB8BDEAE9D1 /* [CP] Check Pods Manifest.lock */ = {
			isa = PBXShellScriptBuildPhase;
			buildActionMask = 2147483647;
			files = (
			);
			inputFileListPaths = (
			);
			inputPaths = (
				"${PODS_PODFILE_DIR_PATH}/Podfile.lock",
				"${PODS_ROOT}/Manifest.lock",
			);
			name = "[CP] Check Pods Manifest.lock";
			outputFileListPaths = (
			);
			outputPaths = (
				"$(DERIVED_FILE_DIR)/Pods-SportsApp-checkManifestLockResult.txt",
			);
			runOnlyForDeploymentPostprocessing = 0;
			shellPath = /bin/sh;
			shellScript = "diff \"${PODS_PODFILE_DIR_PATH}/Podfile.lock\" \"${PODS_ROOT}/Manifest.lock\" > /dev/null\nif [ $? != 0 ] ; then\n    # print error to STDERR\n    echo \"error: The sandbox is not in sync with the Podfile.lock. Run 'pod install' or update your CocoaPods installation.\" >&2\n    exit 1\nfi\n# This output is used by Xcode 'outputs' to avoid re-running this script phase.\necho \"SUCCESS\" > \"${SCRIPT_OUTPUT_FILE_0}\"\n";
			showEnvVarsInLog = 0;
		};
/* End PBXShellScriptBuildPhase section */

/* Begin PBXSourcesBuildPhase section */
		31D112A52C6AB80A0004BA1D /* Sources */ = {
			isa = PBXSourcesBuildPhase;
			buildActionMask = 2147483647;
			files = (
				31D112E32C6AC9BB0004BA1D /* TeamsViewController.swift in Sources */,
				31EB10DC2C6D5370007D0B32 /* FootballLeagues.swift in Sources */,
				319D2DE12C6D577E00DF8B42 /* LeaguesViewModel.swift in Sources */,
				31EB10DF2C6D54DB007D0B32 /* Conflig.swift in Sources */,
				31BB05112C713E2800BBDDBC /* LeagueDetailsViewController.swift in Sources */,
				311D75C42C70EBF80044ADCE /* EventModel.swift in Sources */,
				319D2DE42C6D5CAF00DF8B42 /* LeagueTableViewCell.swift in Sources */,
				3112FBD02C71296F0005D938 /* League.swift in Sources */,
				311D75C22C70EA970044ADCE /* alert.swift in Sources */,
				31BB051A2C7160B200BBDDBC /* TeamsCollectionViewCell.swift in Sources */,
				31D112CD2C6ABC490004BA1D /* SportsViewModel.swift in Sources */,
				311D75C62C70EC230044ADCE /* TeamModel.swift in Sources */,
				3103CF172C70F3160065D834 /* Country.swift in Sources */,
				31D112E12C6AC9590004BA1D /* TeamsViewModel.swift in Sources */,
				31BB05142C713FA400BBDDBC /* EventsCollectionViewCell.swift in Sources */,
				31D112AD2C6AB80A0004BA1D /* AppDelegate.swift in Sources */,
				317880C82C6E744600B95128 /* TeamCollecionCell.swift in Sources */,
				31D112D42C6ABEB20004BA1D /* LeagueDetailsViewModel.swift in Sources */,
				31BB05172C714EF700BBDDBC /* MyTabBarController.swift in Sources */,
				31D112B72C6AB80A0004BA1D /* SportsApp.xcdatamodeld in Sources */,
				31D112D62C6AC0CE0004BA1D /* NetworkManager.swift in Sources */,
				31D112AF2C6AB80A0004BA1D /* SceneDelegate.swift in Sources */,
				3103CF182C70F3160065D834 /* Results.swift in Sources */,
				319D2DDF2C6D573100DF8B42 /* LeaguesViewController.swift in Sources */,
				31D112CB2C6ABBCC0004BA1D /* SportsViewController.swift in Sources */,
				316A03D72C6C11E300ED4141 /* Sport.swift in Sources */,
				316A03DA2C6C13D700ED4141 /* MyCollectionViewCell.swift in Sources */,
			);
			runOnlyForDeploymentPostprocessing = 0;
		};
/* End PBXSourcesBuildPhase section */

/* Begin PBXVariantGroup section */
		31D112B22C6AB80A0004BA1D /* Main.storyboard */ = {
			isa = PBXVariantGroup;
			children = (
				31D112B32C6AB80A0004BA1D /* Base */,
			);
			name = Main.storyboard;
			sourceTree = "<group>";
		};
		31D112BA2C6AB80D0004BA1D /* LaunchScreen.storyboard */ = {
			isa = PBXVariantGroup;
			children = (
				31D112BB2C6AB80D0004BA1D /* Base */,
			);
			name = LaunchScreen.storyboard;
			sourceTree = "<group>";
		};
/* End PBXVariantGroup section */

/* Begin XCBuildConfiguration section */
		31D112BE2C6AB80D0004BA1D /* Debug */ = {
			isa = XCBuildConfiguration;
			buildSettings = {
				ALWAYS_SEARCH_USER_PATHS = NO;
				CLANG_ANALYZER_NONNULL = YES;
				CLANG_ANALYZER_NUMBER_OBJECT_CONVERSION = YES_AGGRESSIVE;
				CLANG_CXX_LANGUAGE_STANDARD = "gnu++17";
				CLANG_ENABLE_MODULES = YES;
				CLANG_ENABLE_OBJC_ARC = YES;
				CLANG_ENABLE_OBJC_WEAK = YES;
				CLANG_WARN_BLOCK_CAPTURE_AUTORELEASING = YES;
				CLANG_WARN_BOOL_CONVERSION = YES;
				CLANG_WARN_COMMA = YES;
				CLANG_WARN_CONSTANT_CONVERSION = YES;
				CLANG_WARN_DEPRECATED_OBJC_IMPLEMENTATIONS = YES;
				CLANG_WARN_DIRECT_OBJC_ISA_USAGE = YES_ERROR;
				CLANG_WARN_DOCUMENTATION_COMMENTS = YES;
				CLANG_WARN_EMPTY_BODY = YES;
				CLANG_WARN_ENUM_CONVERSION = YES;
				CLANG_WARN_INFINITE_RECURSION = YES;
				CLANG_WARN_INT_CONVERSION = YES;
				CLANG_WARN_NON_LITERAL_NULL_CONVERSION = YES;
				CLANG_WARN_OBJC_IMPLICIT_RETAIN_SELF = YES;
				CLANG_WARN_OBJC_LITERAL_CONVERSION = YES;
				CLANG_WARN_OBJC_ROOT_CLASS = YES_ERROR;
				CLANG_WARN_QUOTED_INCLUDE_IN_FRAMEWORK_HEADER = YES;
				CLANG_WARN_RANGE_LOOP_ANALYSIS = YES;
				CLANG_WARN_STRICT_PROTOTYPES = YES;
				CLANG_WARN_SUSPICIOUS_MOVE = YES;
				CLANG_WARN_UNGUARDED_AVAILABILITY = YES_AGGRESSIVE;
				CLANG_WARN_UNREACHABLE_CODE = YES;
				CLANG_WARN__DUPLICATE_METHOD_MATCH = YES;
				COPY_PHASE_STRIP = NO;
				DEBUG_INFORMATION_FORMAT = dwarf;
				ENABLE_STRICT_OBJC_MSGSEND = YES;
				ENABLE_TESTABILITY = YES;
				GCC_C_LANGUAGE_STANDARD = gnu11;
				GCC_DYNAMIC_NO_PIC = NO;
				GCC_NO_COMMON_BLOCKS = YES;
				GCC_OPTIMIZATION_LEVEL = 0;
				GCC_PREPROCESSOR_DEFINITIONS = (
					"DEBUG=1",
					"$(inherited)",
				);
				GCC_WARN_64_TO_32_BIT_CONVERSION = YES;
				GCC_WARN_ABOUT_RETURN_TYPE = YES_ERROR;
				GCC_WARN_UNDECLARED_SELECTOR = YES;
				GCC_WARN_UNINITIALIZED_AUTOS = YES_AGGRESSIVE;
				GCC_WARN_UNUSED_FUNCTION = YES;
				GCC_WARN_UNUSED_VARIABLE = YES;
				IPHONEOS_DEPLOYMENT_TARGET = 13.0;
				MTL_ENABLE_DEBUG_INFO = INCLUDE_SOURCE;
				MTL_FAST_MATH = YES;
				ONLY_ACTIVE_ARCH = YES;
				SDKROOT = iphoneos;
				SWIFT_ACTIVE_COMPILATION_CONDITIONS = DEBUG;
				SWIFT_OPTIMIZATION_LEVEL = "-Onone";
			};
			name = Debug;
		};
		31D112BF2C6AB80D0004BA1D /* Release */ = {
			isa = XCBuildConfiguration;
			buildSettings = {
				ALWAYS_SEARCH_USER_PATHS = NO;
				CLANG_ANALYZER_NONNULL = YES;
				CLANG_ANALYZER_NUMBER_OBJECT_CONVERSION = YES_AGGRESSIVE;
				CLANG_CXX_LANGUAGE_STANDARD = "gnu++17";
				CLANG_ENABLE_MODULES = YES;
				CLANG_ENABLE_OBJC_ARC = YES;
				CLANG_ENABLE_OBJC_WEAK = YES;
				CLANG_WARN_BLOCK_CAPTURE_AUTORELEASING = YES;
				CLANG_WARN_BOOL_CONVERSION = YES;
				CLANG_WARN_COMMA = YES;
				CLANG_WARN_CONSTANT_CONVERSION = YES;
				CLANG_WARN_DEPRECATED_OBJC_IMPLEMENTATIONS = YES;
				CLANG_WARN_DIRECT_OBJC_ISA_USAGE = YES_ERROR;
				CLANG_WARN_DOCUMENTATION_COMMENTS = YES;
				CLANG_WARN_EMPTY_BODY = YES;
				CLANG_WARN_ENUM_CONVERSION = YES;
				CLANG_WARN_INFINITE_RECURSION = YES;
				CLANG_WARN_INT_CONVERSION = YES;
				CLANG_WARN_NON_LITERAL_NULL_CONVERSION = YES;
				CLANG_WARN_OBJC_IMPLICIT_RETAIN_SELF = YES;
				CLANG_WARN_OBJC_LITERAL_CONVERSION = YES;
				CLANG_WARN_OBJC_ROOT_CLASS = YES_ERROR;
				CLANG_WARN_QUOTED_INCLUDE_IN_FRAMEWORK_HEADER = YES;
				CLANG_WARN_RANGE_LOOP_ANALYSIS = YES;
				CLANG_WARN_STRICT_PROTOTYPES = YES;
				CLANG_WARN_SUSPICIOUS_MOVE = YES;
				CLANG_WARN_UNGUARDED_AVAILABILITY = YES_AGGRESSIVE;
				CLANG_WARN_UNREACHABLE_CODE = YES;
				CLANG_WARN__DUPLICATE_METHOD_MATCH = YES;
				COPY_PHASE_STRIP = NO;
				DEBUG_INFORMATION_FORMAT = "dwarf-with-dsym";
				ENABLE_NS_ASSERTIONS = NO;
				ENABLE_STRICT_OBJC_MSGSEND = YES;
				GCC_C_LANGUAGE_STANDARD = gnu11;
				GCC_NO_COMMON_BLOCKS = YES;
				GCC_WARN_64_TO_32_BIT_CONVERSION = YES;
				GCC_WARN_ABOUT_RETURN_TYPE = YES_ERROR;
				GCC_WARN_UNDECLARED_SELECTOR = YES;
				GCC_WARN_UNINITIALIZED_AUTOS = YES_AGGRESSIVE;
				GCC_WARN_UNUSED_FUNCTION = YES;
				GCC_WARN_UNUSED_VARIABLE = YES;
				IPHONEOS_DEPLOYMENT_TARGET = 13.0;
				MTL_ENABLE_DEBUG_INFO = NO;
				MTL_FAST_MATH = YES;
				SDKROOT = iphoneos;
				SWIFT_COMPILATION_MODE = wholemodule;
				SWIFT_OPTIMIZATION_LEVEL = "-O";
				VALIDATE_PRODUCT = YES;
			};
			name = Release;
		};
		31D112C12C6AB80D0004BA1D /* Debug */ = {
			isa = XCBuildConfiguration;
			baseConfigurationReference = 4517E2DD9A421B27A320BA53 /* Pods-SportsApp.debug.xcconfig */;
			buildSettings = {
				ASSETCATALOG_COMPILER_APPICON_NAME = AppIcon;
				ASSETCATALOG_COMPILER_GLOBAL_ACCENT_COLOR_NAME = AccentColor;
				CODE_SIGN_STYLE = Automatic;
				CURRENT_PROJECT_VERSION = 1;
				GENERATE_INFOPLIST_FILE = YES;
				INFOPLIST_FILE = SportsApp/Info.plist;
				INFOPLIST_KEY_UIApplicationSupportsIndirectInputEvents = YES;
				INFOPLIST_KEY_UILaunchStoryboardName = LaunchScreen;
				INFOPLIST_KEY_UIMainStoryboardFile = Main;
				INFOPLIST_KEY_UISupportedInterfaceOrientations_iPad = "UIInterfaceOrientationPortrait UIInterfaceOrientationPortraitUpsideDown UIInterfaceOrientationLandscapeLeft UIInterfaceOrientationLandscapeRight";
				INFOPLIST_KEY_UISupportedInterfaceOrientations_iPhone = "UIInterfaceOrientationPortrait UIInterfaceOrientationLandscapeLeft UIInterfaceOrientationLandscapeRight";
				LD_RUNPATH_SEARCH_PATHS = (
					"$(inherited)",
					"@executable_path/Frameworks",
				);
				MARKETING_VERSION = 1.0;
				PRODUCT_BUNDLE_IDENTIFIER = First.time.SportsApp;
				PRODUCT_NAME = "$(TARGET_NAME)";
				SWIFT_EMIT_LOC_STRINGS = YES;
				SWIFT_VERSION = 5.0;
				TARGETED_DEVICE_FAMILY = "1,2";
			};
			name = Debug;
		};
		31D112C22C6AB80D0004BA1D /* Release */ = {
			isa = XCBuildConfiguration;
			baseConfigurationReference = 747755AADE8E12C214EDAC37 /* Pods-SportsApp.release.xcconfig */;
			buildSettings = {
				ASSETCATALOG_COMPILER_APPICON_NAME = AppIcon;
				ASSETCATALOG_COMPILER_GLOBAL_ACCENT_COLOR_NAME = AccentColor;
				CODE_SIGN_STYLE = Automatic;
				CURRENT_PROJECT_VERSION = 1;
				GENERATE_INFOPLIST_FILE = YES;
				INFOPLIST_FILE = SportsApp/Info.plist;
				INFOPLIST_KEY_UIApplicationSupportsIndirectInputEvents = YES;
				INFOPLIST_KEY_UILaunchStoryboardName = LaunchScreen;
				INFOPLIST_KEY_UIMainStoryboardFile = Main;
				INFOPLIST_KEY_UISupportedInterfaceOrientations_iPad = "UIInterfaceOrientationPortrait UIInterfaceOrientationPortraitUpsideDown UIInterfaceOrientationLandscapeLeft UIInterfaceOrientationLandscapeRight";
				INFOPLIST_KEY_UISupportedInterfaceOrientations_iPhone = "UIInterfaceOrientationPortrait UIInterfaceOrientationLandscapeLeft UIInterfaceOrientationLandscapeRight";
				LD_RUNPATH_SEARCH_PATHS = (
					"$(inherited)",
					"@executable_path/Frameworks",
				);
				MARKETING_VERSION = 1.0;
				PRODUCT_BUNDLE_IDENTIFIER = First.time.SportsApp;
				PRODUCT_NAME = "$(TARGET_NAME)";
				SWIFT_EMIT_LOC_STRINGS = YES;
				SWIFT_VERSION = 5.0;
				TARGETED_DEVICE_FAMILY = "1,2";
			};
			name = Release;
		};
/* End XCBuildConfiguration section */

/* Begin XCConfigurationList section */
		31D112A42C6AB80A0004BA1D /* Build configuration list for PBXProject "SportsApp" */ = {
			isa = XCConfigurationList;
			buildConfigurations = (
				31D112BE2C6AB80D0004BA1D /* Debug */,
				31D112BF2C6AB80D0004BA1D /* Release */,
			);
			defaultConfigurationIsVisible = 0;
			defaultConfigurationName = Release;
		};
		31D112C02C6AB80D0004BA1D /* Build configuration list for PBXNativeTarget "SportsApp" */ = {
			isa = XCConfigurationList;
			buildConfigurations = (
				31D112C12C6AB80D0004BA1D /* Debug */,
				31D112C22C6AB80D0004BA1D /* Release */,
			);
			defaultConfigurationIsVisible = 0;
			defaultConfigurationName = Release;
		};
/* End XCConfigurationList section */

/* Begin XCRemoteSwiftPackageReference section */
		31FD3DA72C6D63260084B83F /* XCRemoteSwiftPackageReference "Alamofire" */ = {
			isa = XCRemoteSwiftPackageReference;
			repositoryURL = "https://github.com/Alamofire/Alamofire";
			requirement = {
				kind = upToNextMajorVersion;
				minimumVersion = 5.0.0;
			};
		};
/* End XCRemoteSwiftPackageReference section */

/* Begin XCSwiftPackageProductDependency section */
		31FD3DA82C6D63260084B83F /* Alamofire */ = {
			isa = XCSwiftPackageProductDependency;
			package = 31FD3DA72C6D63260084B83F /* XCRemoteSwiftPackageReference "Alamofire" */;
			productName = Alamofire;
		};
/* End XCSwiftPackageProductDependency section */

/* Begin XCVersionGroup section */
		31D112B52C6AB80A0004BA1D /* SportsApp.xcdatamodeld */ = {
			isa = XCVersionGroup;
			children = (
				31D112B62C6AB80A0004BA1D /* SportsApp.xcdatamodel */,
			);
			currentVersion = 31D112B62C6AB80A0004BA1D /* SportsApp.xcdatamodel */;
			path = SportsApp.xcdatamodeld;
			sourceTree = "<group>";
			versionGroupType = wrapper.xcdatamodel;
		};
/* End XCVersionGroup section */
	};
	rootObject = 31D112A12C6AB80A0004BA1D /* Project object */;
}
